// !$*UTF8*$!
{
	archiveVersion = 1;
	classes = {
	};
	objectVersion = 50;
	objects = {

/* Begin PBXBuildFile section */
		E64A15912237DC3F007C767E /* AppDelegate.swift in Sources */ = {isa = PBXBuildFile; fileRef = E64A15902237DC3F007C767E /* AppDelegate.swift */; };
		E64A15962237DC3F007C767E /* Main.storyboard in Resources */ = {isa = PBXBuildFile; fileRef = E64A15942237DC3F007C767E /* Main.storyboard */; };
		E64A15982237DC41007C767E /* Assets.xcassets in Resources */ = {isa = PBXBuildFile; fileRef = E64A15972237DC41007C767E /* Assets.xcassets */; };
		E64A159B2237DC41007C767E /* LaunchScreen.storyboard in Resources */ = {isa = PBXBuildFile; fileRef = E64A15992237DC41007C767E /* LaunchScreen.storyboard */; };
		E64A15A32237F35E007C767E /* MainViewController.swift in Sources */ = {isa = PBXBuildFile; fileRef = E64A15A22237F35E007C767E /* MainViewController.swift */; };
		E64A15A822381FC5007C767E /* ExpenseCellModel.swift in Sources */ = {isa = PBXBuildFile; fileRef = E64A15A722381FC5007C767E /* ExpenseCellModel.swift */; };
		E64A15AB223821D5007C767E /* ExpenseCell.swift in Sources */ = {isa = PBXBuildFile; fileRef = E64A15AA223821D5007C767E /* ExpenseCell.swift */; };
/* End PBXBuildFile section */

/* Begin PBXFileReference section */
		E64A158D2237DC3F007C767E /* FinanceManager.app */ = {isa = PBXFileReference; explicitFileType = wrapper.application; includeInIndex = 0; path = FinanceManager.app; sourceTree = BUILT_PRODUCTS_DIR; };
		E64A15902237DC3F007C767E /* AppDelegate.swift */ = {isa = PBXFileReference; lastKnownFileType = sourcecode.swift; path = AppDelegate.swift; sourceTree = "<group>"; };
		E64A15952237DC3F007C767E /* Base */ = {isa = PBXFileReference; lastKnownFileType = file.storyboard; name = Base; path = Base.lproj/Main.storyboard; sourceTree = "<group>"; };
		E64A15972237DC41007C767E /* Assets.xcassets */ = {isa = PBXFileReference; lastKnownFileType = folder.assetcatalog; path = Assets.xcassets; sourceTree = "<group>"; };
		E64A159A2237DC41007C767E /* Base */ = {isa = PBXFileReference; lastKnownFileType = file.storyboard; name = Base; path = Base.lproj/LaunchScreen.storyboard; sourceTree = "<group>"; };
		E64A159C2237DC41007C767E /* Info.plist */ = {isa = PBXFileReference; lastKnownFileType = text.plist.xml; path = Info.plist; sourceTree = "<group>"; };
		E64A15A22237F35E007C767E /* MainViewController.swift */ = {isa = PBXFileReference; lastKnownFileType = sourcecode.swift; path = MainViewController.swift; sourceTree = "<group>"; };
		E64A15A722381FC5007C767E /* ExpenseCellModel.swift */ = {isa = PBXFileReference; lastKnownFileType = sourcecode.swift; path = ExpenseCellModel.swift; sourceTree = "<group>"; };
		E64A15AA223821D5007C767E /* ExpenseCell.swift */ = {isa = PBXFileReference; lastKnownFileType = sourcecode.swift; path = ExpenseCell.swift; sourceTree = "<group>"; };
/* End PBXFileReference section */

/* Begin PBXFrameworksBuildPhase section */
		E64A158A2237DC3F007C767E /* Frameworks */ = {
			isa = PBXFrameworksBuildPhase;
			buildActionMask = 2147483647;
			files = (
			);
			runOnlyForDeploymentPostprocessing = 0;
		};
/* End PBXFrameworksBuildPhase section */

/* Begin PBXGroup section */
		E64A15842237DC3F007C767E = {
			isa = PBXGroup;
			children = (
				E64A158F2237DC3F007C767E /* FinanceManager */,
				E64A158E2237DC3F007C767E /* Products */,
			);
			sourceTree = "<group>";
		};
		E64A158E2237DC3F007C767E /* Products */ = {
			isa = PBXGroup;
			children = (
				E64A158D2237DC3F007C767E /* FinanceManager.app */,
			);
			name = Products;
			sourceTree = "<group>";
		};
		E64A158F2237DC3F007C767E /* FinanceManager */ = {
			isa = PBXGroup;
			children = (
				E64A15A9223821A8007C767E /* View */,
				E64A15A52237F378007C767E /* Model */,
				E64A15A42237F364007C767E /* Controller */,
				E64A15902237DC3F007C767E /* AppDelegate.swift */,
				E64A15942237DC3F007C767E /* Main.storyboard */,
				E64A15972237DC41007C767E /* Assets.xcassets */,
				E64A15992237DC41007C767E /* LaunchScreen.storyboard */,
				E64A159C2237DC41007C767E /* Info.plist */,
			);
			path = FinanceManager;
			sourceTree = "<group>";
		};
		E64A15A42237F364007C767E /* Controller */ = {
			isa = PBXGroup;
			children = (
				E64A15A22237F35E007C767E /* MainViewController.swift */,
			);
			path = Controller;
			sourceTree = "<group>";
		};
		E64A15A52237F378007C767E /* Model */ = {
			isa = PBXGroup;
			children = (
				E64A15A62237F383007C767E /* Main */,
			);
			path = Model;
			sourceTree = "<group>";
		};
		E64A15A62237F383007C767E /* Main */ = {
			isa = PBXGroup;
			children = (
				E64A15A722381FC5007C767E /* ExpenseCellModel.swift */,
			);
			path = Main;
			sourceTree = "<group>";
		};
		E64A15A9223821A8007C767E /* View */ = {
			isa = PBXGroup;
			children = (
				E64A15AA223821D5007C767E /* ExpenseCell.swift */,
			);
			path = View;
			sourceTree = "<group>";
		};
/* End PBXGroup section */

/* Begin PBXNativeTarget section */
		E64A158C2237DC3F007C767E /* FinanceManager */ = {
			isa = PBXNativeTarget;
			buildConfigurationList = E64A159F2237DC41007C767E /* Build configuration list for PBXNativeTarget "FinanceManager" */;
			buildPhases = (
				E64A15892237DC3F007C767E /* Sources */,
				E64A158A2237DC3F007C767E /* Frameworks */,
				E64A158B2237DC3F007C767E /* Resources */,
			);
			buildRules = (
			);
			dependencies = (
			);
			name = FinanceManager;
			productName = FinanceManager;
			productReference = E64A158D2237DC3F007C767E /* FinanceManager.app */;
			productType = "com.apple.product-type.application";
		};
/* End PBXNativeTarget section */

/* Begin PBXProject section */
		E64A15852237DC3F007C767E /* Project object */ = {
			isa = PBXProject;
			attributes = {
				LastSwiftUpdateCheck = 0940;
				LastUpgradeCheck = 0940;
				ORGANIZATIONNAME = "Artsiom Hryharenka";
				TargetAttributes = {
					E64A158C2237DC3F007C767E = {
						CreatedOnToolsVersion = 9.4.1;
					};
				};
			};
			buildConfigurationList = E64A15882237DC3F007C767E /* Build configuration list for PBXProject "FinanceManager" */;
			compatibilityVersion = "Xcode 9.3";
			developmentRegion = en;
			hasScannedForEncodings = 0;
			knownRegions = (
				en,
				Base,
			);
			mainGroup = E64A15842237DC3F007C767E;
			productRefGroup = E64A158E2237DC3F007C767E /* Products */;
			projectDirPath = "";
			projectRoot = "";
			targets = (
				E64A158C2237DC3F007C767E /* FinanceManager */,
			);
		};
/* End PBXProject section */

/* Begin PBXResourcesBuildPhase section */
		E64A158B2237DC3F007C767E /* Resources */ = {
			isa = PBXResourcesBuildPhase;
			buildActionMask = 2147483647;
			files = (
				E64A159B2237DC41007C767E /* LaunchScreen.storyboard in Resources */,
				E64A15982237DC41007C767E /* Assets.xcassets in Resources */,
				E64A15962237DC3F007C767E /* Main.storyboard in Resources */,
			);
			runOnlyForDeploymentPostprocessing = 0;
		};
/* End PBXResourcesBuildPhase section */

/* Begin PBXSourcesBuildPhase section */
		E64A15892237DC3F007C767E /* Sources */ = {
			isa = PBXSourcesBuildPhase;
			buildActionMask = 2147483647;
			files = (
				E64A15AB223821D5007C767E /* ExpenseCell.swift in Sources */,
				E64A15A822381FC5007C767E /* ExpenseCellModel.swift in Sources */,
				E64A15912237DC3F007C767E /* AppDelegate.swift in Sources */,
				E64A15A32237F35E007C767E /* MainViewController.swift in Sources */,
			);
			runOnlyForDeploymentPostprocessing = 0;
		};
/* End PBXSourcesBuildPhase section */

/* Begin PBXVariantGroup section */
		E64A15942237DC3F007C767E /* Main.storyboard */ = {
			isa = PBXVariantGroup;
			children = (
				E64A15952237DC3F007C767E /* Base */,
			);
			name = Main.storyboard;
			sourceTree = "<group>";
		};
		E64A15992237DC41007C767E /* LaunchScreen.storyboard */ = {
			isa = PBXVariantGroup;
			children = (
				E64A159A2237DC41007C767E /* Base */,
			);
			name = LaunchScreen.storyboard;
			sourceTree = "<group>";
		};
/* End PBXVariantGroup section */

/* Begin XCBuildConfiguration section */
		E64A159D2237DC41007C767E /* Debug */ = {
			isa = XCBuildConfiguration;
			buildSettings = {
				ALWAYS_SEARCH_USER_PATHS = NO;
				CLANG_ANALYZER_NONNULL = YES;
				CLANG_ANALYZER_NUMBER_OBJECT_CONVERSION = YES_AGGRESSIVE;
				CLANG_CXX_LANGUAGE_STANDARD = "gnu++14";
				CLANG_CXX_LIBRARY = "libc++";
				CLANG_ENABLE_MODULES = YES;
				CLANG_ENABLE_OBJC_ARC = YES;
				CLANG_ENABLE_OBJC_WEAK = YES;
				CLANG_WARN_BLOCK_CAPTURE_AUTORELEASING = YES;
				CLANG_WARN_BOOL_CONVERSION = YES;
				CLANG_WARN_COMMA = YES;
				CLANG_WARN_CONSTANT_CONVERSION = YES;
				CLANG_WARN_DEPRECATED_OBJC_IMPLEMENTATIONS = YES;
				CLANG_WARN_DIRECT_OBJC_ISA_USAGE = YES_ERROR;
				CLANG_WARN_DOCUMENTATION_COMMENTS = YES;
				CLANG_WARN_EMPTY_BODY = YES;
				CLANG_WARN_ENUM_CONVERSION = YES;
				CLANG_WARN_INFINITE_RECURSION = YES;
				CLANG_WARN_INT_CONVERSION = YES;
				CLANG_WARN_NON_LITERAL_NULL_CONVERSION = YES;
				CLANG_WARN_OBJC_IMPLICIT_RETAIN_SELF = YES;
				CLANG_WARN_OBJC_LITERAL_CONVERSION = YES;
				CLANG_WARN_OBJC_ROOT_CLASS = YES_ERROR;
				CLANG_WARN_RANGE_LOOP_ANALYSIS = YES;
				CLANG_WARN_STRICT_PROTOTYPES = YES;
				CLANG_WARN_SUSPICIOUS_MOVE = YES;
				CLANG_WARN_UNGUARDED_AVAILABILITY = YES_AGGRESSIVE;
				CLANG_WARN_UNREACHABLE_CODE = YES;
				CLANG_WARN__DUPLICATE_METHOD_MATCH = YES;
				CODE_SIGN_IDENTITY = "iPhone Developer";
				COPY_PHASE_STRIP = NO;
				DEBUG_INFORMATION_FORMAT = dwarf;
				ENABLE_STRICT_OBJC_MSGSEND = YES;
				ENABLE_TESTABILITY = YES;
				GCC_C_LANGUAGE_STANDARD = gnu11;
				GCC_DYNAMIC_NO_PIC = NO;
				GCC_NO_COMMON_BLOCKS = YES;
				GCC_OPTIMIZATION_LEVEL = 0;
				GCC_PREPROCESSOR_DEFINITIONS = (
					"DEBUG=1",
					"$(inherited)",
				);
				GCC_WARN_64_TO_32_BIT_CONVERSION = YES;
				GCC_WARN_ABOUT_RETURN_TYPE = YES_ERROR;
				GCC_WARN_UNDECLARED_SELECTOR = YES;
				GCC_WARN_UNINITIALIZED_AUTOS = YES_AGGRESSIVE;
				GCC_WARN_UNUSED_FUNCTION = YES;
				GCC_WARN_UNUSED_VARIABLE = YES;
				IPHONEOS_DEPLOYMENT_TARGET = 11.4;
				MTL_ENABLE_DEBUG_INFO = YES;
				ONLY_ACTIVE_ARCH = YES;
				SDKROOT = iphoneos;
				SWIFT_ACTIVE_COMPILATION_CONDITIONS = DEBUG;
				SWIFT_OPTIMIZATION_LEVEL = "-Onone";
			};
			name = Debug;
		};
		E64A159E2237DC41007C767E /* Release */ = {
			isa = XCBuildConfiguration;
			buildSettings = {
				ALWAYS_SEARCH_USER_PATHS = NO;
				CLANG_ANALYZER_NONNULL = YES;
				CLANG_ANALYZER_NUMBER_OBJECT_CONVERSION = YES_AGGRESSIVE;
				CLANG_CXX_LANGUAGE_STANDARD = "gnu++14";
				CLANG_CXX_LIBRARY = "libc++";
				CLANG_ENABLE_MODULES = YES;
				CLANG_ENABLE_OBJC_ARC = YES;
				CLANG_ENABLE_OBJC_WEAK = YES;
				CLANG_WARN_BLOCK_CAPTURE_AUTORELEASING = YES;
				CLANG_WARN_BOOL_CONVERSION = YES;
				CLANG_WARN_COMMA = YES;
				CLANG_WARN_CONSTANT_CONVERSION = YES;
				CLANG_WARN_DEPRECATED_OBJC_IMPLEMENTATIONS = YES;
				CLANG_WARN_DIRECT_OBJC_ISA_USAGE = YES_ERROR;
				CLANG_WARN_DOCUMENTATION_COMMENTS = YES;
				CLANG_WARN_EMPTY_BODY = YES;
				CLANG_WARN_ENUM_CONVERSION = YES;
				CLANG_WARN_INFINITE_RECURSION = YES;
				CLANG_WARN_INT_CONVERSION = YES;
				CLANG_WARN_NON_LITERAL_NULL_CONVERSION = YES;
				CLANG_WARN_OBJC_IMPLICIT_RETAIN_SELF = YES;
				CLANG_WARN_OBJC_LITERAL_CONVERSION = YES;
				CLANG_WARN_OBJC_ROOT_CLASS = YES_ERROR;
				CLANG_WARN_RANGE_LOOP_ANALYSIS = YES;
				CLANG_WARN_STRICT_PROTOTYPES = YES;
				CLANG_WARN_SUSPICIOUS_MOVE = YES;
				CLANG_WARN_UNGUARDED_AVAILABILITY = YES_AGGRESSIVE;
				CLANG_WARN_UNREACHABLE_CODE = YES;
				CLANG_WARN__DUPLICATE_METHOD_MATCH = YES;
				CODE_SIGN_IDENTITY = "iPhone Developer";
				COPY_PHASE_STRIP = NO;
				DEBUG_INFORMATION_FORMAT = "dwarf-with-dsym";
				ENABLE_NS_ASSERTIONS = NO;
				ENABLE_STRICT_OBJC_MSGSEND = YES;
				GCC_C_LANGUAGE_STANDARD = gnu11;
				GCC_NO_COMMON_BLOCKS = YES;
				GCC_WARN_64_TO_32_BIT_CONVERSION = YES;
				GCC_WARN_ABOUT_RETURN_TYPE = YES_ERROR;
				GCC_WARN_UNDECLARED_SELECTOR = YES;
				GCC_WARN_UNINITIALIZED_AUTOS = YES_AGGRESSIVE;
				GCC_WARN_UNUSED_FUNCTION = YES;
				GCC_WARN_UNUSED_VARIABLE = YES;
				IPHONEOS_DEPLOYMENT_TARGET = 11.4;
				MTL_ENABLE_DEBUG_INFO = NO;
				SDKROOT = iphoneos;
				SWIFT_COMPILATION_MODE = wholemodule;
				SWIFT_OPTIMIZATION_LEVEL = "-O";
				VALIDATE_PRODUCT = YES;
			};
			name = Release;
		};
		E64A15A02237DC41007C767E /* Debug */ = {
			isa = XCBuildConfiguration;
			buildSettings = {
				ASSETCATALOG_COMPILER_APPICON_NAME = AppIcon;
				CODE_SIGN_STYLE = Automatic;
				DEVELOPMENT_TEAM = 9CX6QK349N;
				INFOPLIST_FILE = FinanceManager/Info.plist;
				LD_RUNPATH_SEARCH_PATHS = (
					"$(inherited)",
					"@executable_path/Frameworks",
				);
				PRODUCT_BUNDLE_IDENTIFIER = "-.FinanceManager";
				PRODUCT_NAME = "$(TARGET_NAME)";
				SWIFT_VERSION = 4.0;
				TARGETED_DEVICE_FAMILY = "1,2";
			};
			name = Debug;
		};
		E64A15A12237DC41007C767E /* Release */ = {
			isa = XCBuildConfiguration;
			buildSettings = {
				ASSETCATALOG_COMPILER_APPICON_NAME = AppIcon;
				CODE_SIGN_STYLE = Automatic;
				DEVELOPMENT_TEAM = 9CX6QK349N;
				INFOPLIST_FILE = FinanceManager/Info.plist;
				LD_RUNPATH_SEARCH_PATHS = (
					"$(inherited)",
					"@executable_path/Frameworks",
				);
				PRODUCT_BUNDLE_IDENTIFIER = "-.FinanceManager";
				PRODUCT_NAME = "$(TARGET_NAME)";
				SWIFT_VERSION = 4.0;
				TARGETED_DEVICE_FAMILY = "1,2";
			};
			name = Release;
		};
/* End XCBuildConfiguration section */

/* Begin XCConfigurationList section */
		E64A15882237DC3F007C767E /* Build configuration list for PBXProject "FinanceManager" */ = {
			isa = XCConfigurationList;
			buildConfigurations = (
				E64A159D2237DC41007C767E /* Debug */,
				E64A159E2237DC41007C767E /* Release */,
			);
			defaultConfigurationIsVisible = 0;
			defaultConfigurationName = Release;
		};
		E64A159F2237DC41007C767E /* Build configuration list for PBXNativeTarget "FinanceManager" */ = {
			isa = XCConfigurationList;
			buildConfigurations = (
				E64A15A02237DC41007C767E /* Debug */,
				E64A15A12237DC41007C767E /* Release */,
			);
			defaultConfigurationIsVisible = 0;
			defaultConfigurationName = Release;
		};
/* End XCConfigurationList section */
	};
	rootObject = E64A15852237DC3F007C767E /* Project object */;
}
